
Microsoft Visual Studio Solution File, Format Version 12.00
# Visual Studio Version 17
VisualStudioVersion = 17.11.35327.3
MinimumVisualStudioVersion = 10.0.40219.1
Project("{FAE04EC0-301F-11D3-BF4B-00C04F79EFBC}") = "npoi-sample4", "npoi-sample4.csproj", "{EE61FA26-3F49-4A79-B61B-5649F5B192F3}"
EndProject
Global
	GlobalSection(SolutionConfigurationPlatforms) = preSolution
		Debug|Any CPU = Debug|Any CPU
		Release|Any CPU = Release|Any CPU
	EndGlobalSection
	GlobalSection(ProjectConfigurationPlatforms) = postSolution
		{EE61FA26-3F49-4A79-B61B-5649F5B192F3}.Debug|Any CPU.ActiveCfg = Debug|Any CPU
		{EE61FA26-3F49-4A79-B61B-5649F5B192F3}.Debug|Any CPU.Build.0 = Debug|Any CPU
		{EE61FA26-3F49-4A79-B61B-5649F5B192F3}.Release|Any CPU.ActiveCfg = Release|Any CPU
		{EE61FA26-3F49-4A79-B61B-5649F5B192F3}.Release|Any CPU.Build.0 = Release|Any CPU
	EndGlobalSection
	GlobalSection(SolutionProperties) = preSolution
		HideSolutionNode = FALSE
	EndGlobalSection
	GlobalSection(ExtensibilityGlobals) = postSolution
		SolutionGuid = {4648744F-7983-4603-B16B-6D9773B673BD}
	EndGlobalSection
EndGlobal
